
Microsoft Visual Studio Solution File, Format Version 12.00
# Visual Studio 15
VisualStudioVersion = 15.0.27130.2010
MinimumVisualStudioVersion = 10.0.40219.1
Project("{FAE04EC0-301F-11D3-BF4B-00C04F79EFBC}") = "CQ.Permission", "CQ.Permission\CQ.Permission.csproj", "{7168AE73-C6B4-469F-BB2B-5F267375F6D9}"
	ProjectSection(ProjectDependencies) = postProject
		{196A7834-6803-44C7-94F3-B4E6EC0D1E64} = {196A7834-6803-44C7-94F3-B4E6EC0D1E64}
		{CE128C8C-CBA4-4337-A5AF-25870488602A} = {CE128C8C-CBA4-4337-A5AF-25870488602A}
		{EB98ED8D-538A-4187-B56B-F774D12A8863} = {EB98ED8D-538A-4187-B56B-F774D12A8863}
		{5835F58F-5DA9-415C-B35B-69CBC6A13C23} = {5835F58F-5DA9-415C-B35B-69CBC6A13C23}
		{541970BD-B07E-4A84-9DFE-FDD2E2C8BF1E} = {541970BD-B07E-4A84-9DFE-FDD2E2C8BF1E}
		{5E6935D3-62F6-4201-BBC3-02653AA927F3} = {5E6935D3-62F6-4201-BBC3-02653AA927F3}
	EndProjectSection
EndProject
Project("{2150E333-8FDC-42A3-9474-1A3956D46DE8}") = "04 Common 基础结构层", "04 Common 基础结构层", "{E62C01C3-3DC2-41D8-8F2E-66C8E0DF7792}"
EndProject
Project("{2150E333-8FDC-42A3-9474-1A3956D46DE8}") = "03 Domain 应用服务", "03 Domain 应用服务", "{6679E3D9-6354-4E3E-B005-5EC5C9459FF5}"
EndProject
Project("{2150E333-8FDC-42A3-9474-1A3956D46DE8}") = "01 Web 应用程序", "01 Web 应用程序", "{58CFE8D7-DA5F-4B74-8C19-B2CDC68AFC83}"
EndProject
Project("{FAE04EC0-301F-11D3-BF4B-00C04F79EFBC}") = "CQ.Core", "CQ.Core\CQ.Core.csproj", "{541970BD-B07E-4A84-9DFE-FDD2E2C8BF1E}"
EndProject
Project("{FAE04EC0-301F-11D3-BF4B-00C04F79EFBC}") = "CQ.Plugin.Cache", "CQ.Cache\CQ.Plugin.Cache.csproj", "{CE128C8C-CBA4-4337-A5AF-25870488602A}"
EndProject
Project("{FAE04EC0-301F-11D3-BF4B-00C04F79EFBC}") = "CQ.Plugin.Cache.Redis", "CQ.Cache.Redis\CQ.Plugin.Cache.Redis.csproj", "{5E6935D3-62F6-4201-BBC3-02653AA927F3}"
EndProject
Project("{FAE04EC0-301F-11D3-BF4B-00C04F79EFBC}") = "CQ.Plugin.Cache.AspNet", "CQ.Cache.AspNet\CQ.Plugin.Cache.AspNet.csproj", "{EB98ED8D-538A-4187-B56B-F774D12A8863}"
EndProject
Project("{FAE04EC0-301F-11D3-BF4B-00C04F79EFBC}") = "CQ.Application", "CQ.Application\CQ.Application.csproj", "{5835F58F-5DA9-415C-B35B-69CBC6A13C23}"
EndProject
Project("{FAE04EC0-301F-11D3-BF4B-00C04F79EFBC}") = "CQ.Domain", "CQ.Domain\CQ.Domain.csproj", "{196A7834-6803-44C7-94F3-B4E6EC0D1E64}"
EndProject
Project("{FAE04EC0-301F-11D3-BF4B-00C04F79EFBC}") = "CQ.Repository", "CQ.Repository\CQ.Repository.csproj", "{FE7F55DC-9FD3-4018-A519-8A94072329E6}"
EndProject
Project("{FAE04EC0-301F-11D3-BF4B-00C04F79EFBC}") = "CQ.WebSite", "CQ.WebSite\CQ.WebSite.csproj", "{5338E185-6C27-435E-8B8B-3A5DFFA30568}"
EndProject
Project("{2150E333-8FDC-42A3-9474-1A3956D46DE8}") = "09 Tests 单元测试", "09 Tests 单元测试", "{901E9F23-5B3B-4D60-9715-E80C4A8D2FE5}"
EndProject
Project("{FAE04EC0-301F-11D3-BF4B-00C04F79EFBC}") = "CQ.WebSiteTests", "CQ.WebSiteTests\CQ.WebSiteTests.csproj", "{B1C6BB19-38C3-42A9-8538-0F2C6FFB0AEB}"
EndProject
Project("{FAE04EC0-301F-11D3-BF4B-00C04F79EFBC}") = "CQ.WebApi", "CQ.WebApi\CQ.WebApi.csproj", "{09EF159A-19B2-4447-BCEC-6AA3189EF5DA}"
EndProject
Project("{2150E333-8FDC-42A3-9474-1A3956D46DE8}") = "AutoTask 应用程序", "AutoTask 应用程序", "{A98BE20A-F9A7-4FBA-AC35-86AFC8E4CF06}"
EndProject
Project("{FAE04EC0-301F-11D3-BF4B-00C04F79EFBC}") = "CQ.AutoService", "CQ.AutoService\CQ.AutoService.csproj", "{052668E2-ED72-4D3A-B4CF-E23589C6FAD1}"
EndProject
Project("{FAE04EC0-301F-11D3-BF4B-00C04F79EFBC}") = "CQ.Task", "CQ.Task\CQ.Task.csproj", "{83656662-24D9-418D-BE13-CAE6CB14F25D}"
EndProject
Project("{2150E333-8FDC-42A3-9474-1A3956D46DE8}") = "安装部署程序", "安装部署程序", "{9C5430F6-8A09-4074-A21C-01F55849253E}"
EndProject
Project("{54435603-DBB4-11D2-8724-00A0C9A8B90C}") = "AutoServiceSetup", "AutoServiceSetup\AutoServiceSetup.vdproj", "{297E8674-9398-4B9B-B491-4FD09C469A7C}"
EndProject
Global
	GlobalSection(Performance) = preSolution
		HasPerformanceSessions = true
	EndGlobalSection
	GlobalSection(SolutionConfigurationPlatforms) = preSolution
		Debug|Any CPU = Debug|Any CPU
		Release|Any CPU = Release|Any CPU
	EndGlobalSection
	GlobalSection(ProjectConfigurationPlatforms) = postSolution
		{7168AE73-C6B4-469F-BB2B-5F267375F6D9}.Debug|Any CPU.ActiveCfg = Debug|Any CPU
		{7168AE73-C6B4-469F-BB2B-5F267375F6D9}.Debug|Any CPU.Build.0 = Debug|Any CPU
		{7168AE73-C6B4-469F-BB2B-5F267375F6D9}.Release|Any CPU.ActiveCfg = Release|Any CPU
		{7168AE73-C6B4-469F-BB2B-5F267375F6D9}.Release|Any CPU.Build.0 = Release|Any CPU
		{541970BD-B07E-4A84-9DFE-FDD2E2C8BF1E}.Debug|Any CPU.ActiveCfg = Debug|Any CPU
		{541970BD-B07E-4A84-9DFE-FDD2E2C8BF1E}.Debug|Any CPU.Build.0 = Debug|Any CPU
		{541970BD-B07E-4A84-9DFE-FDD2E2C8BF1E}.Release|Any CPU.ActiveCfg = Release|Any CPU
		{541970BD-B07E-4A84-9DFE-FDD2E2C8BF1E}.Release|Any CPU.Build.0 = Release|Any CPU
		{CE128C8C-CBA4-4337-A5AF-25870488602A}.Debug|Any CPU.ActiveCfg = Debug|Any CPU
		{CE128C8C-CBA4-4337-A5AF-25870488602A}.Debug|Any CPU.Build.0 = Debug|Any CPU
		{CE128C8C-CBA4-4337-A5AF-25870488602A}.Release|Any CPU.ActiveCfg = Release|Any CPU
		{CE128C8C-CBA4-4337-A5AF-25870488602A}.Release|Any CPU.Build.0 = Release|Any CPU
		{5E6935D3-62F6-4201-BBC3-02653AA927F3}.Debug|Any CPU.ActiveCfg = Debug|Any CPU
		{5E6935D3-62F6-4201-BBC3-02653AA927F3}.Debug|Any CPU.Build.0 = Debug|Any CPU
		{5E6935D3-62F6-4201-BBC3-02653AA927F3}.Release|Any CPU.ActiveCfg = Release|Any CPU
		{5E6935D3-62F6-4201-BBC3-02653AA927F3}.Release|Any CPU.Build.0 = Release|Any CPU
		{EB98ED8D-538A-4187-B56B-F774D12A8863}.Debug|Any CPU.ActiveCfg = Debug|Any CPU
		{EB98ED8D-538A-4187-B56B-F774D12A8863}.Debug|Any CPU.Build.0 = Debug|Any CPU
		{EB98ED8D-538A-4187-B56B-F774D12A8863}.Release|Any CPU.ActiveCfg = Release|Any CPU
		{EB98ED8D-538A-4187-B56B-F774D12A8863}.Release|Any CPU.Build.0 = Release|Any CPU
		{5835F58F-5DA9-415C-B35B-69CBC6A13C23}.Debug|Any CPU.ActiveCfg = Debug|Any CPU
		{5835F58F-5DA9-415C-B35B-69CBC6A13C23}.Debug|Any CPU.Build.0 = Debug|Any CPU
		{5835F58F-5DA9-415C-B35B-69CBC6A13C23}.Release|Any CPU.ActiveCfg = Release|Any CPU
		{5835F58F-5DA9-415C-B35B-69CBC6A13C23}.Release|Any CPU.Build.0 = Release|Any CPU
		{196A7834-6803-44C7-94F3-B4E6EC0D1E64}.Debug|Any CPU.ActiveCfg = Debug|Any CPU
		{196A7834-6803-44C7-94F3-B4E6EC0D1E64}.Debug|Any CPU.Build.0 = Debug|Any CPU
		{196A7834-6803-44C7-94F3-B4E6EC0D1E64}.Release|Any CPU.ActiveCfg = Release|Any CPU
		{196A7834-6803-44C7-94F3-B4E6EC0D1E64}.Release|Any CPU.Build.0 = Release|Any CPU
		{FE7F55DC-9FD3-4018-A519-8A94072329E6}.Debug|Any CPU.ActiveCfg = Debug|Any CPU
		{FE7F55DC-9FD3-4018-A519-8A94072329E6}.Debug|Any CPU.Build.0 = Debug|Any CPU
		{FE7F55DC-9FD3-4018-A519-8A94072329E6}.Release|Any CPU.ActiveCfg = Release|Any CPU
		{FE7F55DC-9FD3-4018-A519-8A94072329E6}.Release|Any CPU.Build.0 = Release|Any CPU
		{5338E185-6C27-435E-8B8B-3A5DFFA30568}.Debug|Any CPU.ActiveCfg = Debug|Any CPU
		{5338E185-6C27-435E-8B8B-3A5DFFA30568}.Debug|Any CPU.Build.0 = Debug|Any CPU
		{5338E185-6C27-435E-8B8B-3A5DFFA30568}.Release|Any CPU.ActiveCfg = Release|Any CPU
		{5338E185-6C27-435E-8B8B-3A5DFFA30568}.Release|Any CPU.Build.0 = Release|Any CPU
		{B1C6BB19-38C3-42A9-8538-0F2C6FFB0AEB}.Debug|Any CPU.ActiveCfg = Debug|Any CPU
		{B1C6BB19-38C3-42A9-8538-0F2C6FFB0AEB}.Debug|Any CPU.Build.0 = Debug|Any CPU
		{B1C6BB19-38C3-42A9-8538-0F2C6FFB0AEB}.Release|Any CPU.ActiveCfg = Release|Any CPU
		{B1C6BB19-38C3-42A9-8538-0F2C6FFB0AEB}.Release|Any CPU.Build.0 = Release|Any CPU
		{09EF159A-19B2-4447-BCEC-6AA3189EF5DA}.Debug|Any CPU.ActiveCfg = Debug|Any CPU
		{09EF159A-19B2-4447-BCEC-6AA3189EF5DA}.Debug|Any CPU.Build.0 = Debug|Any CPU
		{09EF159A-19B2-4447-BCEC-6AA3189EF5DA}.Release|Any CPU.ActiveCfg = Release|Any CPU
		{09EF159A-19B2-4447-BCEC-6AA3189EF5DA}.Release|Any CPU.Build.0 = Release|Any CPU
		{052668E2-ED72-4D3A-B4CF-E23589C6FAD1}.Debug|Any CPU.ActiveCfg = Debug|Any CPU
		{052668E2-ED72-4D3A-B4CF-E23589C6FAD1}.Debug|Any CPU.Build.0 = Debug|Any CPU
		{052668E2-ED72-4D3A-B4CF-E23589C6FAD1}.Release|Any CPU.ActiveCfg = Release|Any CPU
		{052668E2-ED72-4D3A-B4CF-E23589C6FAD1}.Release|Any CPU.Build.0 = Release|Any CPU
		{83656662-24D9-418D-BE13-CAE6CB14F25D}.Debug|Any CPU.ActiveCfg = Debug|Any CPU
		{83656662-24D9-418D-BE13-CAE6CB14F25D}.Debug|Any CPU.Build.0 = Debug|Any CPU
		{83656662-24D9-418D-BE13-CAE6CB14F25D}.Release|Any CPU.ActiveCfg = Release|Any CPU
		{83656662-24D9-418D-BE13-CAE6CB14F25D}.Release|Any CPU.Build.0 = Release|Any CPU
		{297E8674-9398-4B9B-B491-4FD09C469A7C}.Debug|Any CPU.ActiveCfg = Debug
		{297E8674-9398-4B9B-B491-4FD09C469A7C}.Release|Any CPU.ActiveCfg = Release
	EndGlobalSection
	GlobalSection(SolutionProperties) = preSolution
		HideSolutionNode = FALSE
	EndGlobalSection
	GlobalSection(NestedProjects) = preSolution
		{7168AE73-C6B4-469F-BB2B-5F267375F6D9} = {58CFE8D7-DA5F-4B74-8C19-B2CDC68AFC83}
		{541970BD-B07E-4A84-9DFE-FDD2E2C8BF1E} = {E62C01C3-3DC2-41D8-8F2E-66C8E0DF7792}
		{CE128C8C-CBA4-4337-A5AF-25870488602A} = {E62C01C3-3DC2-41D8-8F2E-66C8E0DF7792}
		{5E6935D3-62F6-4201-BBC3-02653AA927F3} = {E62C01C3-3DC2-41D8-8F2E-66C8E0DF7792}
		{EB98ED8D-538A-4187-B56B-F774D12A8863} = {E62C01C3-3DC2-41D8-8F2E-66C8E0DF7792}
		{5835F58F-5DA9-415C-B35B-69CBC6A13C23} = {6679E3D9-6354-4E3E-B005-5EC5C9459FF5}
		{196A7834-6803-44C7-94F3-B4E6EC0D1E64} = {6679E3D9-6354-4E3E-B005-5EC5C9459FF5}
		{FE7F55DC-9FD3-4018-A519-8A94072329E6} = {6679E3D9-6354-4E3E-B005-5EC5C9459FF5}
		{5338E185-6C27-435E-8B8B-3A5DFFA30568} = {58CFE8D7-DA5F-4B74-8C19-B2CDC68AFC83}
		{B1C6BB19-38C3-42A9-8538-0F2C6FFB0AEB} = {901E9F23-5B3B-4D60-9715-E80C4A8D2FE5}
		{09EF159A-19B2-4447-BCEC-6AA3189EF5DA} = {58CFE8D7-DA5F-4B74-8C19-B2CDC68AFC83}
		{052668E2-ED72-4D3A-B4CF-E23589C6FAD1} = {A98BE20A-F9A7-4FBA-AC35-86AFC8E4CF06}
		{83656662-24D9-418D-BE13-CAE6CB14F25D} = {A98BE20A-F9A7-4FBA-AC35-86AFC8E4CF06}
		{297E8674-9398-4B9B-B491-4FD09C469A7C} = {9C5430F6-8A09-4074-A21C-01F55849253E}
	EndGlobalSection
	GlobalSection(ExtensibilityGlobals) = postSolution
		SolutionGuid = {EA6FE4FC-2663-4AD6-9475-7FA231CDB2A9}
	EndGlobalSection
	GlobalSection(Performance) = preSolution
		HasPerformanceSessions = true
	EndGlobalSection
	GlobalSection(Performance) = preSolution
		HasPerformanceSessions = true
	EndGlobalSection
	GlobalSection(Performance) = preSolution
		HasPerformanceSessions = true
	EndGlobalSection
EndGlobal
